// !$*UTF8*$!
{
	archiveVersion = 1;
	classes = {
	};
	objectVersion = 46;
	objects = {

/* Begin PBXBuildFile section */
		2A974AE21578971F00A45F8C /* AppKit.framework in Frameworks */ = {isa = PBXBuildFile; fileRef = 2A974AE11578971F00A45F8C /* AppKit.framework */; };
		2A974AE51578973000A45F8C /* QuartzCore.framework in Frameworks */ = {isa = PBXBuildFile; fileRef = 2A974AE41578973000A45F8C /* QuartzCore.framework */; };
		2AA5FDD215773F0400F70367 /* Foundation.framework in Frameworks */ = {isa = PBXBuildFile; fileRef = 2AA5FDD115773F0400F70367 /* Foundation.framework */; };
		2AA5FDD515773F0400F70367 /* main.m in Sources */ = {isa = PBXBuildFile; fileRef = 2AA5FDD415773F0400F70367 /* main.m */; };
		2AA5FDD915773F0400F70367 /* NeuralNetwork.1 in CopyFiles */ = {isa = PBXBuildFile; fileRef = 2AA5FDD815773F0400F70367 /* NeuralNetwork.1 */; };
		2AA5FDE115773F4A00F70367 /* NeuralNetwork.m in Sources */ = {isa = PBXBuildFile; fileRef = 2AA5FDE015773F4A00F70367 /* NeuralNetwork.m */; };
		2AFBCCE0157B561100C2EBB7 /* App.m in Sources */ = {isa = PBXBuildFile; fileRef = 2AFBCCDF157B561100C2EBB7 /* App.m */; };
		2AFBCCE3157BDEB900C2EBB7 /* ColoredTerminal.m in Sources */ = {isa = PBXBuildFile; fileRef = 2AFBCCE2157BDEB900C2EBB7 /* ColoredTerminal.m */; };
		2AFBCCE7157BDF8200C2EBB7 /* ImagesProcessing.m in Sources */ = {isa = PBXBuildFile; fileRef = 2AFBCCE6157BDF8200C2EBB7 /* ImagesProcessing.m */; };
		2F08C6473B6B4D7AB15E33DE /* libPods.a in Frameworks */ = {isa = PBXBuildFile; fileRef = 02E430F4EE584287BCA95995 /* libPods.a */; };
/* End PBXBuildFile section */

/* Begin PBXCopyFilesBuildPhase section */
		2AA5FDCB15773F0400F70367 /* CopyFiles */ = {
			isa = PBXCopyFilesBuildPhase;
			buildActionMask = 2147483647;
			dstPath = /usr/share/man/man1/;
			dstSubfolderSpec = 0;
			files = (
				2AA5FDD915773F0400F70367 /* NeuralNetwork.1 in CopyFiles */,
			);
			runOnlyForDeploymentPostprocessing = 1;
		};
/* End PBXCopyFilesBuildPhase section */

/* Begin PBXFileReference section */
		02E430F4EE584287BCA95995 /* libPods.a */ = {isa = PBXFileReference; explicitFileType = archive.ar; includeInIndex = 0; path = libPods.a; sourceTree = BUILT_PRODUCTS_DIR; };
		2A974AE11578971F00A45F8C /* AppKit.framework */ = {isa = PBXFileReference; includeInIndex = 1; lastKnownFileType = wrapper.framework; name = AppKit.framework; path = System/Library/Frameworks/AppKit.framework; sourceTree = SDKROOT; };
		2A974AE41578973000A45F8C /* QuartzCore.framework */ = {isa = PBXFileReference; includeInIndex = 1; lastKnownFileType = wrapper.framework; name = QuartzCore.framework; path = System/Library/Frameworks/QuartzCore.framework; sourceTree = SDKROOT; };
		2AA5FDCD15773F0400F70367 /* NeuralNetwork */ = {isa = PBXFileReference; explicitFileType = "compiled.mach-o.executable"; includeInIndex = 0; path = NeuralNetwork; sourceTree = BUILT_PRODUCTS_DIR; };
		2AA5FDD115773F0400F70367 /* Foundation.framework */ = {isa = PBXFileReference; includeInIndex = 1; lastKnownFileType = wrapper.framework; name = Foundation.framework; path = System/Library/Frameworks/Foundation.framework; sourceTree = SDKROOT; };
		2AA5FDD415773F0400F70367 /* main.m */ = {isa = PBXFileReference; lastKnownFileType = sourcecode.c.objc; path = main.m; sourceTree = "<group>"; };
		2AA5FDD715773F0400F70367 /* NeuralNetwork-Prefix.pch */ = {isa = PBXFileReference; lastKnownFileType = sourcecode.c.h; path = "NeuralNetwork-Prefix.pch"; sourceTree = "<group>"; };
		2AA5FDD815773F0400F70367 /* NeuralNetwork.1 */ = {isa = PBXFileReference; lastKnownFileType = text.man; path = NeuralNetwork.1; sourceTree = "<group>"; };
		2AA5FDDF15773F4A00F70367 /* NeuralNetwork.h */ = {isa = PBXFileReference; fileEncoding = 4; lastKnownFileType = sourcecode.c.h; path = NeuralNetwork.h; sourceTree = "<group>"; };
		2AA5FDE015773F4A00F70367 /* NeuralNetwork.m */ = {isa = PBXFileReference; fileEncoding = 4; lastKnownFileType = sourcecode.c.objc; path = NeuralNetwork.m; sourceTree = "<group>"; };
		2AFBCCDE157B561100C2EBB7 /* App.h */ = {isa = PBXFileReference; fileEncoding = 4; lastKnownFileType = sourcecode.c.h; path = App.h; sourceTree = "<group>"; };
		2AFBCCDF157B561100C2EBB7 /* App.m */ = {isa = PBXFileReference; fileEncoding = 4; lastKnownFileType = sourcecode.c.objc; path = App.m; sourceTree = "<group>"; };
		2AFBCCE2157BDEB900C2EBB7 /* ColoredTerminal.m */ = {isa = PBXFileReference; fileEncoding = 4; lastKnownFileType = sourcecode.c.objc; path = ColoredTerminal.m; sourceTree = "<group>"; };
		2AFBCCE4157BDED200C2EBB7 /* ColoredTerminal.h */ = {isa = PBXFileReference; lastKnownFileType = sourcecode.c.h; path = ColoredTerminal.h; sourceTree = "<group>"; };
		2AFBCCE5157BDF8200C2EBB7 /* ImagesProcessing.h */ = {isa = PBXFileReference; fileEncoding = 4; lastKnownFileType = sourcecode.c.h; path = ImagesProcessing.h; sourceTree = "<group>"; };
		2AFBCCE6157BDF8200C2EBB7 /* ImagesProcessing.m */ = {isa = PBXFileReference; fileEncoding = 4; lastKnownFileType = sourcecode.c.objc; path = ImagesProcessing.m; sourceTree = "<group>"; };
		497D1F1A698D4080B00510A2 /* Pods.xcconfig */ = {isa = PBXFileReference; includeInIndex = 1; lastKnownFileType = text.xcconfig; name = Pods.xcconfig; path = Pods/Pods.xcconfig; sourceTree = SOURCE_ROOT; };
/* End PBXFileReference section */

/* Begin PBXFrameworksBuildPhase section */
		2AA5FDCA15773F0400F70367 /* Frameworks */ = {
			isa = PBXFrameworksBuildPhase;
			buildActionMask = 2147483647;
			files = (
				2A974AE51578973000A45F8C /* QuartzCore.framework in Frameworks */,
				2A974AE21578971F00A45F8C /* AppKit.framework in Frameworks */,
				2AA5FDD215773F0400F70367 /* Foundation.framework in Frameworks */,
				2F08C6473B6B4D7AB15E33DE /* libPods.a in Frameworks */,
			);
			runOnlyForDeploymentPostprocessing = 0;
		};
/* End PBXFrameworksBuildPhase section */

/* Begin PBXGroup section */
		2AA5FDC215773F0400F70367 = {
			isa = PBXGroup;
			children = (
				2AA5FDD315773F0400F70367 /* NeuralNetwork */,
				2AA5FDD015773F0400F70367 /* Frameworks */,
				2AA5FDCE15773F0400F70367 /* Products */,
				497D1F1A698D4080B00510A2 /* Pods.xcconfig */,
			);
			sourceTree = "<group>";
		};
		2AA5FDCE15773F0400F70367 /* Products */ = {
			isa = PBXGroup;
			children = (
				2AA5FDCD15773F0400F70367 /* NeuralNetwork */,
			);
			name = Products;
			sourceTree = "<group>";
		};
		2AA5FDD015773F0400F70367 /* Frameworks */ = {
			isa = PBXGroup;
			children = (
				2A974AE41578973000A45F8C /* QuartzCore.framework */,
				2A974AE11578971F00A45F8C /* AppKit.framework */,
				2AA5FDD115773F0400F70367 /* Foundation.framework */,
				02E430F4EE584287BCA95995 /* libPods.a */,
			);
			name = Frameworks;
			sourceTree = "<group>";
		};
		2AA5FDD315773F0400F70367 /* NeuralNetwork */ = {
			isa = PBXGroup;
			children = (
				2AA5FDD415773F0400F70367 /* main.m */,
				2AA5FDD815773F0400F70367 /* NeuralNetwork.1 */,
				2AA5FDD615773F0400F70367 /* Supporting Files */,
				2AA5FDDF15773F4A00F70367 /* NeuralNetwork.h */,
				2AA5FDE015773F4A00F70367 /* NeuralNetwork.m */,
				2AFBCCDE157B561100C2EBB7 /* App.h */,
				2AFBCCDF157B561100C2EBB7 /* App.m */,
				2AFBCCE2157BDEB900C2EBB7 /* ColoredTerminal.m */,
				2AFBCCE4157BDED200C2EBB7 /* ColoredTerminal.h */,
				2AFBCCE5157BDF8200C2EBB7 /* ImagesProcessing.h */,
				2AFBCCE6157BDF8200C2EBB7 /* ImagesProcessing.m */,
			);
			path = NeuralNetwork;
			sourceTree = "<group>";
		};
		2AA5FDD615773F0400F70367 /* Supporting Files */ = {
			isa = PBXGroup;
			children = (
				2AA5FDD715773F0400F70367 /* NeuralNetwork-Prefix.pch */,
			);
			name = "Supporting Files";
			sourceTree = "<group>";
		};
/* End PBXGroup section */

/* Begin PBXNativeTarget section */
		2AA5FDCC15773F0400F70367 /* NeuralNetwork */ = {
			isa = PBXNativeTarget;
			buildConfigurationList = 2AA5FDDC15773F0400F70367 /* Build configuration list for PBXNativeTarget "NeuralNetwork" */;
			buildPhases = (
				2AA5FDC915773F0400F70367 /* Sources */,
				2AA5FDCA15773F0400F70367 /* Frameworks */,
				2AA5FDCB15773F0400F70367 /* CopyFiles */,
				4A4BCF416B3C4FCE892C46B9 /* Copy Pods Resources */,
			);
			buildRules = (
			);
			dependencies = (
			);
			name = NeuralNetwork;
			productName = NeuralNetwork;
			productReference = 2AA5FDCD15773F0400F70367 /* NeuralNetwork */;
			productType = "com.apple.product-type.tool";
		};
/* End PBXNativeTarget section */

/* Begin PBXProject section */
		2AA5FDC415773F0400F70367 /* Project object */ = {
			isa = PBXProject;
			attributes = {
				LastUpgradeCheck = 0430;
				ORGANIZATIONNAME = "";
			};
			buildConfigurationList = 2AA5FDC715773F0400F70367 /* Build configuration list for PBXProject "NeuralNetwork" */;
			compatibilityVersion = "Xcode 3.2";
			developmentRegion = English;
			hasScannedForEncodings = 0;
			knownRegions = (
				en,
			);
			mainGroup = 2AA5FDC215773F0400F70367;
			productRefGroup = 2AA5FDCE15773F0400F70367 /* Products */;
			projectDirPath = "";
			projectRoot = "";
			targets = (
				2AA5FDCC15773F0400F70367 /* NeuralNetwork */,
			);
		};
/* End PBXProject section */

/* Begin PBXShellScriptBuildPhase section */
		4A4BCF416B3C4FCE892C46B9 /* Copy Pods Resources */ = {
			isa = PBXShellScriptBuildPhase;
			buildActionMask = 2147483647;
			files = (
			);
			inputPaths = (
			);
			name = "Copy Pods Resources";
			outputPaths = (
			);
			runOnlyForDeploymentPostprocessing = 0;
			shellPath = /bin/sh;
			shellScript = "\"${SRCROOT}/Pods/Pods-resources.sh\"\n";
		};
/* End PBXShellScriptBuildPhase section */

/* Begin PBXSourcesBuildPhase section */
		2AA5FDC915773F0400F70367 /* Sources */ = {
			isa = PBXSourcesBuildPhase;
			buildActionMask = 2147483647;
			files = (
				2AA5FDD515773F0400F70367 /* main.m in Sources */,
				2AA5FDE115773F4A00F70367 /* NeuralNetwork.m in Sources */,
				2AFBCCE0157B561100C2EBB7 /* App.m in Sources */,
				2AFBCCE3157BDEB900C2EBB7 /* ColoredTerminal.m in Sources */,
				2AFBCCE7157BDF8200C2EBB7 /* ImagesProcessing.m in Sources */,
			);
			runOnlyForDeploymentPostprocessing = 0;
		};
/* End PBXSourcesBuildPhase section */

/* Begin XCBuildConfiguration section */
		2AA5FDDA15773F0400F70367 /* Debug */ = {
			isa = XCBuildConfiguration;
			buildSettings = {
				ALWAYS_SEARCH_USER_PATHS = NO;
				ARCHS = "$(ARCHS_STANDARD_64_BIT)";
				COPY_PHASE_STRIP = NO;
				GCC_C_LANGUAGE_STANDARD = gnu99;
				GCC_DYNAMIC_NO_PIC = NO;
				GCC_ENABLE_OBJC_EXCEPTIONS = YES;
				GCC_OPTIMIZATION_LEVEL = 0;
				GCC_PREPROCESSOR_DEFINITIONS = (
					"DEBUG=1",
					"$(inherited)",
				);
				GCC_SYMBOLS_PRIVATE_EXTERN = NO;
				GCC_VERSION = com.apple.compilers.llvm.clang.1_0;
				GCC_WARN_64_TO_32_BIT_CONVERSION = YES;
				GCC_WARN_ABOUT_RETURN_TYPE = YES;
				GCC_WARN_UNINITIALIZED_AUTOS = YES;
				GCC_WARN_UNUSED_VARIABLE = YES;
				MACOSX_DEPLOYMENT_TARGET = 10.7;
				ONLY_ACTIVE_ARCH = YES;
				SDKROOT = macosx;
			};
			name = Debug;
		};
		2AA5FDDB15773F0400F70367 /* Release */ = {
			isa = XCBuildConfiguration;
			buildSettings = {
				ALWAYS_SEARCH_USER_PATHS = NO;
				ARCHS = "$(ARCHS_STANDARD_64_BIT)";
				COPY_PHASE_STRIP = YES;
				DEBUG_INFORMATION_FORMAT = "dwarf-with-dsym";
				GCC_C_LANGUAGE_STANDARD = gnu99;
				GCC_ENABLE_OBJC_EXCEPTIONS = YES;
				GCC_VERSION = com.apple.compilers.llvm.clang.1_0;
				GCC_WARN_64_TO_32_BIT_CONVERSION = YES;
				GCC_WARN_ABOUT_RETURN_TYPE = YES;
				GCC_WARN_UNINITIALIZED_AUTOS = YES;
				GCC_WARN_UNUSED_VARIABLE = YES;
				MACOSX_DEPLOYMENT_TARGET = 10.7;
				SDKROOT = macosx;
			};
			name = Release;
		};
		2AA5FDDD15773F0400F70367 /* Debug */ = {
			isa = XCBuildConfiguration;
			baseConfigurationReference = 497D1F1A698D4080B00510A2 /* Pods.xcconfig */;
			buildSettings = {
				GCC_PRECOMPILE_PREFIX_HEADER = YES;
				GCC_PREFIX_HEADER = "NeuralNetwork/NeuralNetwork-Prefix.pch";
				PRODUCT_NAME = "$(TARGET_NAME)";
			};
			name = Debug;
		};
		2AA5FDDE15773F0400F70367 /* Release */ = {
			isa = XCBuildConfiguration;
			baseConfigurationReference = 497D1F1A698D4080B00510A2 /* Pods.xcconfig */;
			buildSettings = {
				GCC_PRECOMPILE_PREFIX_HEADER = YES;
				GCC_PREFIX_HEADER = "NeuralNetwork/NeuralNetwork-Prefix.pch";
				PRODUCT_NAME = "$(TARGET_NAME)";
			};
			name = Release;
		};
/* End XCBuildConfiguration section */

/* Begin XCConfigurationList section */
		2AA5FDC715773F0400F70367 /* Build configuration list for PBXProject "NeuralNetwork" */ = {
			isa = XCConfigurationList;
			buildConfigurations = (
				2AA5FDDA15773F0400F70367 /* Debug */,
				2AA5FDDB15773F0400F70367 /* Release */,
			);
			defaultConfigurationIsVisible = 0;
			defaultConfigurationName = Release;
		};
		2AA5FDDC15773F0400F70367 /* Build configuration list for PBXNativeTarget "NeuralNetwork" */ = {
			isa = XCConfigurationList;
			buildConfigurations = (
				2AA5FDDD15773F0400F70367 /* Debug */,
				2AA5FDDE15773F0400F70367 /* Release */,
			);
			defaultConfigurationIsVisible = 0;
			defaultConfigurationName = Release;
		};
/* End XCConfigurationList section */
	};
	rootObject = 2AA5FDC415773F0400F70367 /* Project object */;
}
